
Microsoft Visual Studio Solution File, Format Version 12.00
# Visual Studio 15
VisualStudioVersion = 15.0.28307.271
MinimumVisualStudioVersion = 10.0.40219.1
Project("{8BC9CEB8-8B4A-11D0-8D11-00A0C91BC942}") = "Lesson1", "Lesson1\Lesson1.vcxproj", "{B4CC7C11-ECD6-4B79-B8DF-C553031A9A6B}"
EndProject
Project("{8BC9CEB8-8B4A-11D0-8D11-00A0C91BC942}") = "UnitTestLesson1", "UnitTestLesson1\UnitTestLesson1.vcxproj", "{7CC8D175-18F6-4F0A-84C6-1789B15DCAEC}"
EndProject
Project("{8BC9CEB8-8B4A-11D0-8D11-00A0C91BC942}") = "Lesson2", "Lesson2\Lesson2.vcxproj", "{CAE0CEC7-BD14-4284-BE6F-D1A23D7805E9}"
EndProject
Global
	GlobalSection(SolutionConfigurationPlatforms) = preSolution
		Debug|x64 = Debug|x64
		Debug|x86 = Debug|x86
		Release|x64 = Release|x64
		Release|x86 = Release|x86
	EndGlobalSection
	GlobalSection(ProjectConfigurationPlatforms) = postSolution
		{B4CC7C11-ECD6-4B79-B8DF-C553031A9A6B}.Debug|x64.ActiveCfg = Debug|x64
		{B4CC7C11-ECD6-4B79-B8DF-C553031A9A6B}.Debug|x64.Build.0 = Debug|x64
		{B4CC7C11-ECD6-4B79-B8DF-C553031A9A6B}.Debug|x86.ActiveCfg = Debug|Win32
		{B4CC7C11-ECD6-4B79-B8DF-C553031A9A6B}.Debug|x86.Build.0 = Debug|Win32
		{B4CC7C11-ECD6-4B79-B8DF-C553031A9A6B}.Release|x64.ActiveCfg = Release|x64
		{B4CC7C11-ECD6-4B79-B8DF-C553031A9A6B}.Release|x64.Build.0 = Release|x64
		{B4CC7C11-ECD6-4B79-B8DF-C553031A9A6B}.Release|x86.ActiveCfg = Release|Win32
		{B4CC7C11-ECD6-4B79-B8DF-C553031A9A6B}.Release|x86.Build.0 = Release|Win32
		{7CC8D175-18F6-4F0A-84C6-1789B15DCAEC}.Debug|x64.ActiveCfg = Debug|x64
		{7CC8D175-18F6-4F0A-84C6-1789B15DCAEC}.Debug|x64.Build.0 = Debug|x64
		{7CC8D175-18F6-4F0A-84C6-1789B15DCAEC}.Debug|x86.ActiveCfg = Debug|Win32
		{7CC8D175-18F6-4F0A-84C6-1789B15DCAEC}.Debug|x86.Build.0 = Debug|Win32
		{7CC8D175-18F6-4F0A-84C6-1789B15DCAEC}.Release|x64.ActiveCfg = Release|x64
		{7CC8D175-18F6-4F0A-84C6-1789B15DCAEC}.Release|x64.Build.0 = Release|x64
		{7CC8D175-18F6-4F0A-84C6-1789B15DCAEC}.Release|x86.ActiveCfg = Release|Win32
		{7CC8D175-18F6-4F0A-84C6-1789B15DCAEC}.Release|x86.Build.0 = Release|Win32
		{CAE0CEC7-BD14-4284-BE6F-D1A23D7805E9}.Debug|x64.ActiveCfg = Debug|x64
		{CAE0CEC7-BD14-4284-BE6F-D1A23D7805E9}.Debug|x64.Build.0 = Debug|x64
		{CAE0CEC7-BD14-4284-BE6F-D1A23D7805E9}.Debug|x86.ActiveCfg = Debug|Win32
		{CAE0CEC7-BD14-4284-BE6F-D1A23D7805E9}.Debug|x86.Build.0 = Debug|Win32
		{CAE0CEC7-BD14-4284-BE6F-D1A23D7805E9}.Release|x64.ActiveCfg = Release|x64
		{CAE0CEC7-BD14-4284-BE6F-D1A23D7805E9}.Release|x64.Build.0 = Release|x64
		{CAE0CEC7-BD14-4284-BE6F-D1A23D7805E9}.Release|x86.ActiveCfg = Release|Win32
		{CAE0CEC7-BD14-4284-BE6F-D1A23D7805E9}.Release|x86.Build.0 = Release|Win32
	EndGlobalSection
	GlobalSection(SolutionProperties) = preSolution
		HideSolutionNode = FALSE
	EndGlobalSection
	GlobalSection(ExtensibilityGlobals) = postSolution
		SolutionGuid = {AB603780-CEED-4E90-9D32-B05D3EEC91AD}
	EndGlobalSection
EndGlobal
